
Microsoft Visual Studio Solution File, Format Version 11.00
# Visual Studio 2010
Project("{C8D11400-126E-41CD-887F-60BD40844F9E}") = "DeploymentDb", "DeploymentDb\DeploymentDb.dbproj", "{67CBC824-A49E-4E9B-A947-360F3DFE65C3}"
EndProject
Project("{FAE04EC0-301F-11D3-BF4B-00C04F79EFBC}") = "DeploymentDBContext", "DeploymentDBContext\DeploymentDBContext.csproj", "{0D89E10F-D8A4-42D7-85B3-2056C169E274}"
EndProject
Global
	GlobalSection(SolutionConfigurationPlatforms) = preSolution
		Debug|Any CPU = Debug|Any CPU
		Release|Any CPU = Release|Any CPU
	EndGlobalSection
	GlobalSection(ProjectConfigurationPlatforms) = postSolution
		{67CBC824-A49E-4E9B-A947-360F3DFE65C3}.Debug|Any CPU.ActiveCfg = Debug|Any CPU
		{67CBC824-A49E-4E9B-A947-360F3DFE65C3}.Debug|Any CPU.Build.0 = Debug|Any CPU
		{67CBC824-A49E-4E9B-A947-360F3DFE65C3}.Debug|Any CPU.Deploy.0 = Debug|Any CPU
		{67CBC824-A49E-4E9B-A947-360F3DFE65C3}.Release|Any CPU.ActiveCfg = Release|Any CPU
		{67CBC824-A49E-4E9B-A947-360F3DFE65C3}.Release|Any CPU.Build.0 = Release|Any CPU
		{67CBC824-A49E-4E9B-A947-360F3DFE65C3}.Release|Any CPU.Deploy.0 = Release|Any CPU
		{0D89E10F-D8A4-42D7-85B3-2056C169E274}.Debug|Any CPU.ActiveCfg = Debug|Any CPU
		{0D89E10F-D8A4-42D7-85B3-2056C169E274}.Debug|Any CPU.Build.0 = Debug|Any CPU
		{0D89E10F-D8A4-42D7-85B3-2056C169E274}.Release|Any CPU.ActiveCfg = Release|Any CPU
		{0D89E10F-D8A4-42D7-85B3-2056C169E274}.Release|Any CPU.Build.0 = Release|Any CPU
	EndGlobalSection
	GlobalSection(SolutionProperties) = preSolution
		HideSolutionNode = FALSE
	EndGlobalSection
EndGlobal
